
Microsoft Visual Studio Solution File, Format Version 12.00
# Visual Studio Version 16
VisualStudioVersion = 16.0.31729.503
MinimumVisualStudioVersion = 10.0.40219.1
Project("{FAE04EC0-301F-11D3-BF4B-00C04F79EFBC}") = "Tuan4_NguyenNhuHoai", "Tuan4_NguyenNhuHoai\Tuan4_NguyenNhuHoai.csproj", "{70E02C58-1396-4944-B9E8-268C82284285}"
EndProject
Global
	GlobalSection(SolutionConfigurationPlatforms) = preSolution
		Debug|Any CPU = Debug|Any CPU
		Release|Any CPU = Release|Any CPU
	EndGlobalSection
	GlobalSection(ProjectConfigurationPlatforms) = postSolution
		{70E02C58-1396-4944-B9E8-268C82284285}.Debug|Any CPU.ActiveCfg = Debug|Any CPU
		{70E02C58-1396-4944-B9E8-268C82284285}.Debug|Any CPU.Build.0 = Debug|Any CPU
		{70E02C58-1396-4944-B9E8-268C82284285}.Release|Any CPU.ActiveCfg = Release|Any CPU
		{70E02C58-1396-4944-B9E8-268C82284285}.Release|Any CPU.Build.0 = Release|Any CPU
	EndGlobalSection
	GlobalSection(SolutionProperties) = preSolution
		HideSolutionNode = FALSE
	EndGlobalSection
	GlobalSection(ExtensibilityGlobals) = postSolution
		SolutionGuid = {615942E2-2167-43CD-8F3A-1F9DEDCE8A57}
	EndGlobalSection
EndGlobal
